
Microsoft Visual Studio Solution File, Format Version 12.00
# Visual Studio Version 16
VisualStudioVersion = 16.0.31613.86
MinimumVisualStudioVersion = 10.0.40219.1
Project("{8BC9CEB8-8B4A-11D0-8D11-00A0C91BC942}") = "Game Programming With C++", "Game Programming With C++\Game Programming With C++.vcxproj", "{AED3095A-9F0B-4570-A0C1-9C4A0A15E0E1}"
EndProject
Global
	GlobalSection(SolutionConfigurationPlatforms) = preSolution
		Debug|x64 = Debug|x64
		Debug|x86 = Debug|x86
		Release|x64 = Release|x64
		Release|x86 = Release|x86
	EndGlobalSection
	GlobalSection(ProjectConfigurationPlatforms) = postSolution
		{AED3095A-9F0B-4570-A0C1-9C4A0A15E0E1}.Debug|x64.ActiveCfg = Debug|x64
		{AED3095A-9F0B-4570-A0C1-9C4A0A15E0E1}.Debug|x64.Build.0 = Debug|x64
		{AED3095A-9F0B-4570-A0C1-9C4A0A15E0E1}.Debug|x86.ActiveCfg = Debug|Win32
		{AED3095A-9F0B-4570-A0C1-9C4A0A15E0E1}.Debug|x86.Build.0 = Debug|Win32
		{AED3095A-9F0B-4570-A0C1-9C4A0A15E0E1}.Release|x64.ActiveCfg = Release|x64
		{AED3095A-9F0B-4570-A0C1-9C4A0A15E0E1}.Release|x64.Build.0 = Release|x64
		{AED3095A-9F0B-4570-A0C1-9C4A0A15E0E1}.Release|x86.ActiveCfg = Release|Win32
		{AED3095A-9F0B-4570-A0C1-9C4A0A15E0E1}.Release|x86.Build.0 = Release|Win32
	EndGlobalSection
	GlobalSection(SolutionProperties) = preSolution
		HideSolutionNode = FALSE
	EndGlobalSection
	GlobalSection(ExtensibilityGlobals) = postSolution
		SolutionGuid = {93083BA7-810E-44D0-B578-CE89EF349842}
	EndGlobalSection
EndGlobal
